// !$*UTF8*$!
{
	archiveVersion = 1;
	classes = {
	};
	objectVersion = 50;
	objects = {

/* Begin PBXBuildFile section */
		215C953024AB3F3B00E619E1 /* AppDelegate.m in Sources */ = {isa = PBXBuildFile; fileRef = 215C952F24AB3F3B00E619E1 /* AppDelegate.m */; };
		215C953324AB3F3B00E619E1 /* SceneDelegate.m in Sources */ = {isa = PBXBuildFile; fileRef = 215C953224AB3F3B00E619E1 /* SceneDelegate.m */; };
		215C953624AB3F3B00E619E1 /* ViewController.m in Sources */ = {isa = PBXBuildFile; fileRef = 215C953524AB3F3B00E619E1 /* ViewController.m */; };
		215C953924AB3F3B00E619E1 /* Main.storyboard in Resources */ = {isa = PBXBuildFile; fileRef = 215C953724AB3F3B00E619E1 /* Main.storyboard */; };
		215C953B24AB3F4300E619E1 /* Assets.xcassets in Resources */ = {isa = PBXBuildFile; fileRef = 215C953A24AB3F4300E619E1 /* Assets.xcassets */; };
		215C953E24AB3F4300E619E1 /* LaunchScreen.storyboard in Resources */ = {isa = PBXBuildFile; fileRef = 215C953C24AB3F4300E619E1 /* LaunchScreen.storyboard */; };
		215C954124AB3F4300E619E1 /* main.m in Sources */ = {isa = PBXBuildFile; fileRef = 215C954024AB3F4300E619E1 /* main.m */; };
		215C954924AB424600E619E1 /* MSView.m in Sources */ = {isa = PBXBuildFile; fileRef = 215C954824AB424600E619E1 /* MSView.m */; };
		215C954C24AB426D00E619E1 /* MSButton.m in Sources */ = {isa = PBXBuildFile; fileRef = 215C954B24AB426D00E619E1 /* MSButton.m */; };
		215C954F24AB42D100E619E1 /* MSScrollVIew.m in Sources */ = {isa = PBXBuildFile; fileRef = 215C954E24AB42D100E619E1 /* MSScrollVIew.m */; };
		215C955224AB436400E619E1 /* MSTableView.m in Sources */ = {isa = PBXBuildFile; fileRef = 215C955124AB436400E619E1 /* MSTableView.m */; };
		215C955524AB441400E619E1 /* MSTapGestureRecognizer.m in Sources */ = {isa = PBXBuildFile; fileRef = 215C955424AB441400E619E1 /* MSTapGestureRecognizer.m */; };
		215C955824AB444C00E619E1 /* MSPanGestureRecognizer.m in Sources */ = {isa = PBXBuildFile; fileRef = 215C955724AB444C00E619E1 /* MSPanGestureRecognizer.m */; };
		215C955B24AB5AF400E619E1 /* MSPinGestureRecognizer.m in Sources */ = {isa = PBXBuildFile; fileRef = 215C955A24AB5AF400E619E1 /* MSPinGestureRecognizer.m */; };
		215C955E24AB701A00E619E1 /* MSAnotherView.m in Sources */ = {isa = PBXBuildFile; fileRef = 215C955D24AB701A00E619E1 /* MSAnotherView.m */; };
/* End PBXBuildFile section */

/* Begin PBXFileReference section */
		215C952B24AB3F3B00E619E1 /* hitTest.app */ = {isa = PBXFileReference; explicitFileType = wrapper.application; includeInIndex = 0; path = hitTest.app; sourceTree = BUILT_PRODUCTS_DIR; };
		215C952E24AB3F3B00E619E1 /* AppDelegate.h */ = {isa = PBXFileReference; lastKnownFileType = sourcecode.c.h; path = AppDelegate.h; sourceTree = "<group>"; };
		215C952F24AB3F3B00E619E1 /* AppDelegate.m */ = {isa = PBXFileReference; lastKnownFileType = sourcecode.c.objc; path = AppDelegate.m; sourceTree = "<group>"; };
		215C953124AB3F3B00E619E1 /* SceneDelegate.h */ = {isa = PBXFileReference; lastKnownFileType = sourcecode.c.h; path = SceneDelegate.h; sourceTree = "<group>"; };
		215C953224AB3F3B00E619E1 /* SceneDelegate.m */ = {isa = PBXFileReference; lastKnownFileType = sourcecode.c.objc; path = SceneDelegate.m; sourceTree = "<group>"; };
		215C953424AB3F3B00E619E1 /* ViewController.h */ = {isa = PBXFileReference; lastKnownFileType = sourcecode.c.h; path = ViewController.h; sourceTree = "<group>"; };
		215C953524AB3F3B00E619E1 /* ViewController.m */ = {isa = PBXFileReference; lastKnownFileType = sourcecode.c.objc; path = ViewController.m; sourceTree = "<group>"; };
		215C953824AB3F3B00E619E1 /* Base */ = {isa = PBXFileReference; lastKnownFileType = file.storyboard; name = Base; path = Base.lproj/Main.storyboard; sourceTree = "<group>"; };
		215C953A24AB3F4300E619E1 /* Assets.xcassets */ = {isa = PBXFileReference; lastKnownFileType = folder.assetcatalog; path = Assets.xcassets; sourceTree = "<group>"; };
		215C953D24AB3F4300E619E1 /* Base */ = {isa = PBXFileReference; lastKnownFileType = file.storyboard; name = Base; path = Base.lproj/LaunchScreen.storyboard; sourceTree = "<group>"; };
		215C953F24AB3F4300E619E1 /* Info.plist */ = {isa = PBXFileReference; lastKnownFileType = text.plist.xml; path = Info.plist; sourceTree = "<group>"; };
		215C954024AB3F4300E619E1 /* main.m */ = {isa = PBXFileReference; lastKnownFileType = sourcecode.c.objc; path = main.m; sourceTree = "<group>"; };
		215C954724AB424600E619E1 /* MSView.h */ = {isa = PBXFileReference; lastKnownFileType = sourcecode.c.h; path = MSView.h; sourceTree = "<group>"; };
		215C954824AB424600E619E1 /* MSView.m */ = {isa = PBXFileReference; lastKnownFileType = sourcecode.c.objc; path = MSView.m; sourceTree = "<group>"; };
		215C954A24AB426D00E619E1 /* MSButton.h */ = {isa = PBXFileReference; lastKnownFileType = sourcecode.c.h; path = MSButton.h; sourceTree = "<group>"; };
		215C954B24AB426D00E619E1 /* MSButton.m */ = {isa = PBXFileReference; lastKnownFileType = sourcecode.c.objc; path = MSButton.m; sourceTree = "<group>"; };
		215C954D24AB42D100E619E1 /* MSScrollVIew.h */ = {isa = PBXFileReference; lastKnownFileType = sourcecode.c.h; path = MSScrollVIew.h; sourceTree = "<group>"; };
		215C954E24AB42D100E619E1 /* MSScrollVIew.m */ = {isa = PBXFileReference; lastKnownFileType = sourcecode.c.objc; path = MSScrollVIew.m; sourceTree = "<group>"; };
		215C955024AB436400E619E1 /* MSTableView.h */ = {isa = PBXFileReference; lastKnownFileType = sourcecode.c.h; path = MSTableView.h; sourceTree = "<group>"; };
		215C955124AB436400E619E1 /* MSTableView.m */ = {isa = PBXFileReference; lastKnownFileType = sourcecode.c.objc; path = MSTableView.m; sourceTree = "<group>"; };
		215C955324AB441400E619E1 /* MSTapGestureRecognizer.h */ = {isa = PBXFileReference; lastKnownFileType = sourcecode.c.h; path = MSTapGestureRecognizer.h; sourceTree = "<group>"; };
		215C955424AB441400E619E1 /* MSTapGestureRecognizer.m */ = {isa = PBXFileReference; lastKnownFileType = sourcecode.c.objc; path = MSTapGestureRecognizer.m; sourceTree = "<group>"; };
		215C955624AB444C00E619E1 /* MSPanGestureRecognizer.h */ = {isa = PBXFileReference; lastKnownFileType = sourcecode.c.h; path = MSPanGestureRecognizer.h; sourceTree = "<group>"; };
		215C955724AB444C00E619E1 /* MSPanGestureRecognizer.m */ = {isa = PBXFileReference; lastKnownFileType = sourcecode.c.objc; path = MSPanGestureRecognizer.m; sourceTree = "<group>"; };
		215C955924AB5AF400E619E1 /* MSPinGestureRecognizer.h */ = {isa = PBXFileReference; lastKnownFileType = sourcecode.c.h; path = MSPinGestureRecognizer.h; sourceTree = "<group>"; };
		215C955A24AB5AF400E619E1 /* MSPinGestureRecognizer.m */ = {isa = PBXFileReference; lastKnownFileType = sourcecode.c.objc; path = MSPinGestureRecognizer.m; sourceTree = "<group>"; };
		215C955C24AB701A00E619E1 /* MSAnotherView.h */ = {isa = PBXFileReference; lastKnownFileType = sourcecode.c.h; path = MSAnotherView.h; sourceTree = "<group>"; };
		215C955D24AB701A00E619E1 /* MSAnotherView.m */ = {isa = PBXFileReference; lastKnownFileType = sourcecode.c.objc; path = MSAnotherView.m; sourceTree = "<group>"; };
/* End PBXFileReference section */

/* Begin PBXFrameworksBuildPhase section */
		215C952824AB3F3B00E619E1 /* Frameworks */ = {
			isa = PBXFrameworksBuildPhase;
			buildActionMask = 2147483647;
			files = (
			);
			runOnlyForDeploymentPostprocessing = 0;
		};
/* End PBXFrameworksBuildPhase section */

/* Begin PBXGroup section */
		215C952224AB3F3B00E619E1 = {
			isa = PBXGroup;
			children = (
				215C952D24AB3F3B00E619E1 /* hitTest */,
				215C952C24AB3F3B00E619E1 /* Products */,
			);
			sourceTree = "<group>";
		};
		215C952C24AB3F3B00E619E1 /* Products */ = {
			isa = PBXGroup;
			children = (
				215C952B24AB3F3B00E619E1 /* hitTest.app */,
			);
			name = Products;
			sourceTree = "<group>";
		};
		215C952D24AB3F3B00E619E1 /* hitTest */ = {
			isa = PBXGroup;
			children = (
				215C952E24AB3F3B00E619E1 /* AppDelegate.h */,
				215C952F24AB3F3B00E619E1 /* AppDelegate.m */,
				215C953124AB3F3B00E619E1 /* SceneDelegate.h */,
				215C953224AB3F3B00E619E1 /* SceneDelegate.m */,
				215C953424AB3F3B00E619E1 /* ViewController.h */,
				215C953524AB3F3B00E619E1 /* ViewController.m */,
				215C955324AB441400E619E1 /* MSTapGestureRecognizer.h */,
				215C955424AB441400E619E1 /* MSTapGestureRecognizer.m */,
				215C955624AB444C00E619E1 /* MSPanGestureRecognizer.h */,
				215C955724AB444C00E619E1 /* MSPanGestureRecognizer.m */,
				215C955924AB5AF400E619E1 /* MSPinGestureRecognizer.h */,
				215C955A24AB5AF400E619E1 /* MSPinGestureRecognizer.m */,
				215C954724AB424600E619E1 /* MSView.h */,
				215C954824AB424600E619E1 /* MSView.m */,
				215C955C24AB701A00E619E1 /* MSAnotherView.h */,
				215C955D24AB701A00E619E1 /* MSAnotherView.m */,
				215C954A24AB426D00E619E1 /* MSButton.h */,
				215C954B24AB426D00E619E1 /* MSButton.m */,
				215C954D24AB42D100E619E1 /* MSScrollVIew.h */,
				215C954E24AB42D100E619E1 /* MSScrollVIew.m */,
				215C955024AB436400E619E1 /* MSTableView.h */,
				215C955124AB436400E619E1 /* MSTableView.m */,
				215C953724AB3F3B00E619E1 /* Main.storyboard */,
				215C953A24AB3F4300E619E1 /* Assets.xcassets */,
				215C953C24AB3F4300E619E1 /* LaunchScreen.storyboard */,
				215C953F24AB3F4300E619E1 /* Info.plist */,
				215C954024AB3F4300E619E1 /* main.m */,
			);
			path = hitTest;
			sourceTree = "<group>";
		};
/* End PBXGroup section */

/* Begin PBXNativeTarget section */
		215C952A24AB3F3B00E619E1 /* hitTest */ = {
			isa = PBXNativeTarget;
			buildConfigurationList = 215C954424AB3F4300E619E1 /* Build configuration list for PBXNativeTarget "hitTest" */;
			buildPhases = (
				215C952724AB3F3B00E619E1 /* Sources */,
				215C952824AB3F3B00E619E1 /* Frameworks */,
				215C952924AB3F3B00E619E1 /* Resources */,
			);
			buildRules = (
			);
			dependencies = (
			);
			name = hitTest;
			productName = hitTest;
			productReference = 215C952B24AB3F3B00E619E1 /* hitTest.app */;
			productType = "com.apple.product-type.application";
		};
/* End PBXNativeTarget section */

/* Begin PBXProject section */
		215C952324AB3F3B00E619E1 /* Project object */ = {
			isa = PBXProject;
			attributes = {
				LastUpgradeCheck = 1150;
				ORGANIZATIONNAME = kankan;
				TargetAttributes = {
					215C952A24AB3F3B00E619E1 = {
						CreatedOnToolsVersion = 11.5;
					};
				};
			};
			buildConfigurationList = 215C952624AB3F3B00E619E1 /* Build configuration list for PBXProject "hitTest" */;
			compatibilityVersion = "Xcode 9.3";
			developmentRegion = en;
			hasScannedForEncodings = 0;
			knownRegions = (
				en,
				Base,
			);
			mainGroup = 215C952224AB3F3B00E619E1;
			productRefGroup = 215C952C24AB3F3B00E619E1 /* Products */;
			projectDirPath = "";
			projectRoot = "";
			targets = (
				215C952A24AB3F3B00E619E1 /* hitTest */,
			);
		};
/* End PBXProject section */

/* Begin PBXResourcesBuildPhase section */
		215C952924AB3F3B00E619E1 /* Resources */ = {
			isa = PBXResourcesBuildPhase;
			buildActionMask = 2147483647;
			files = (
				215C953E24AB3F4300E619E1 /* LaunchScreen.storyboard in Resources */,
				215C953B24AB3F4300E619E1 /* Assets.xcassets in Resources */,
				215C953924AB3F3B00E619E1 /* Main.storyboard in Resources */,
			);
			runOnlyForDeploymentPostprocessing = 0;
		};
/* End PBXResourcesBuildPhase section */

/* Begin PBXSourcesBuildPhase section */
		215C952724AB3F3B00E619E1 /* Sources */ = {
			isa = PBXSourcesBuildPhase;
			buildActionMask = 2147483647;
			files = (
				215C953624AB3F3B00E619E1 /* ViewController.m in Sources */,
				215C954C24AB426D00E619E1 /* MSButton.m in Sources */,
				215C955E24AB701A00E619E1 /* MSAnotherView.m in Sources */,
				215C954F24AB42D100E619E1 /* MSScrollVIew.m in Sources */,
				215C955224AB436400E619E1 /* MSTableView.m in Sources */,
				215C955524AB441400E619E1 /* MSTapGestureRecognizer.m in Sources */,
				215C953024AB3F3B00E619E1 /* AppDelegate.m in Sources */,
				215C954124AB3F4300E619E1 /* main.m in Sources */,
				215C953324AB3F3B00E619E1 /* SceneDelegate.m in Sources */,
				215C954924AB424600E619E1 /* MSView.m in Sources */,
				215C955B24AB5AF400E619E1 /* MSPinGestureRecognizer.m in Sources */,
				215C955824AB444C00E619E1 /* MSPanGestureRecognizer.m in Sources */,
			);
			runOnlyForDeploymentPostprocessing = 0;
		};
/* End PBXSourcesBuildPhase section */

/* Begin PBXVariantGroup section */
		215C953724AB3F3B00E619E1 /* Main.storyboard */ = {
			isa = PBXVariantGroup;
			children = (
				215C953824AB3F3B00E619E1 /* Base */,
			);
			name = Main.storyboard;
			sourceTree = "<group>";
		};
		215C953C24AB3F4300E619E1 /* LaunchScreen.storyboard */ = {
			isa = PBXVariantGroup;
			children = (
				215C953D24AB3F4300E619E1 /* Base */,
			);
			name = LaunchScreen.storyboard;
			sourceTree = "<group>";
		};
/* End PBXVariantGroup section */

/* Begin XCBuildConfiguration section */
		215C954224AB3F4300E619E1 /* Debug */ = {
			isa = XCBuildConfiguration;
			buildSettings = {
				ALWAYS_SEARCH_USER_PATHS = NO;
				CLANG_ANALYZER_NONNULL = YES;
				CLANG_ANALYZER_NUMBER_OBJECT_CONVERSION = YES_AGGRESSIVE;
				CLANG_CXX_LANGUAGE_STANDARD = "gnu++14";
				CLANG_CXX_LIBRARY = "libc++";
				CLANG_ENABLE_MODULES = YES;
				CLANG_ENABLE_OBJC_ARC = YES;
				CLANG_ENABLE_OBJC_WEAK = YES;
				CLANG_WARN_BLOCK_CAPTURE_AUTORELEASING = YES;
				CLANG_WARN_BOOL_CONVERSION = YES;
				CLANG_WARN_COMMA = YES;
				CLANG_WARN_CONSTANT_CONVERSION = YES;
				CLANG_WARN_DEPRECATED_OBJC_IMPLEMENTATIONS = YES;
				CLANG_WARN_DIRECT_OBJC_ISA_USAGE = YES_ERROR;
				CLANG_WARN_DOCUMENTATION_COMMENTS = YES;
				CLANG_WARN_EMPTY_BODY = YES;
				CLANG_WARN_ENUM_CONVERSION = YES;
				CLANG_WARN_INFINITE_RECURSION = YES;
				CLANG_WARN_INT_CONVERSION = YES;
				CLANG_WARN_NON_LITERAL_NULL_CONVERSION = YES;
				CLANG_WARN_OBJC_IMPLICIT_RETAIN_SELF = YES;
				CLANG_WARN_OBJC_LITERAL_CONVERSION = YES;
				CLANG_WARN_OBJC_ROOT_CLASS = YES_ERROR;
				CLANG_WARN_RANGE_LOOP_ANALYSIS = YES;
				CLANG_WARN_STRICT_PROTOTYPES = YES;
				CLANG_WARN_SUSPICIOUS_MOVE = YES;
				CLANG_WARN_UNGUARDED_AVAILABILITY = YES_AGGRESSIVE;
				CLANG_WARN_UNREACHABLE_CODE = YES;
				CLANG_WARN__DUPLICATE_METHOD_MATCH = YES;
				COPY_PHASE_STRIP = NO;
				DEBUG_INFORMATION_FORMAT = dwarf;
				ENABLE_STRICT_OBJC_MSGSEND = YES;
				ENABLE_TESTABILITY = YES;
				GCC_C_LANGUAGE_STANDARD = gnu11;
				GCC_DYNAMIC_NO_PIC = NO;
				GCC_NO_COMMON_BLOCKS = YES;
				GCC_OPTIMIZATION_LEVEL = 0;
				GCC_PREPROCESSOR_DEFINITIONS = (
					"DEBUG=1",
					"$(inherited)",
				);
				GCC_WARN_64_TO_32_BIT_CONVERSION = YES;
				GCC_WARN_ABOUT_RETURN_TYPE = YES_ERROR;
				GCC_WARN_UNDECLARED_SELECTOR = YES;
				GCC_WARN_UNINITIALIZED_AUTOS = YES_AGGRESSIVE;
				GCC_WARN_UNUSED_FUNCTION = YES;
				GCC_WARN_UNUSED_VARIABLE = YES;
				IPHONEOS_DEPLOYMENT_TARGET = 13.5;
				MTL_ENABLE_DEBUG_INFO = INCLUDE_SOURCE;
				MTL_FAST_MATH = YES;
				ONLY_ACTIVE_ARCH = YES;
				SDKROOT = iphoneos;
			};
			name = Debug;
		};
		215C954324AB3F4300E619E1 /* Release */ = {
			isa = XCBuildConfiguration;
			buildSettings = {
				ALWAYS_SEARCH_USER_PATHS = NO;
				CLANG_ANALYZER_NONNULL = YES;
				CLANG_ANALYZER_NUMBER_OBJECT_CONVERSION = YES_AGGRESSIVE;
				CLANG_CXX_LANGUAGE_STANDARD = "gnu++14";
				CLANG_CXX_LIBRARY = "libc++";
				CLANG_ENABLE_MODULES = YES;
				CLANG_ENABLE_OBJC_ARC = YES;
				CLANG_ENABLE_OBJC_WEAK = YES;
				CLANG_WARN_BLOCK_CAPTURE_AUTORELEASING = YES;
				CLANG_WARN_BOOL_CONVERSION = YES;
				CLANG_WARN_COMMA = YES;
				CLANG_WARN_CONSTANT_CONVERSION = YES;
				CLANG_WARN_DEPRECATED_OBJC_IMPLEMENTATIONS = YES;
				CLANG_WARN_DIRECT_OBJC_ISA_USAGE = YES_ERROR;
				CLANG_WARN_DOCUMENTATION_COMMENTS = YES;
				CLANG_WARN_EMPTY_BODY = YES;
				CLANG_WARN_ENUM_CONVERSION = YES;
				CLANG_WARN_INFINITE_RECURSION = YES;
				CLANG_WARN_INT_CONVERSION = YES;
				CLANG_WARN_NON_LITERAL_NULL_CONVERSION = YES;
				CLANG_WARN_OBJC_IMPLICIT_RETAIN_SELF = YES;
				CLANG_WARN_OBJC_LITERAL_CONVERSION = YES;
				CLANG_WARN_OBJC_ROOT_CLASS = YES_ERROR;
				CLANG_WARN_RANGE_LOOP_ANALYSIS = YES;
				CLANG_WARN_STRICT_PROTOTYPES = YES;
				CLANG_WARN_SUSPICIOUS_MOVE = YES;
				CLANG_WARN_UNGUARDED_AVAILABILITY = YES_AGGRESSIVE;
				CLANG_WARN_UNREACHABLE_CODE = YES;
				CLANG_WARN__DUPLICATE_METHOD_MATCH = YES;
				COPY_PHASE_STRIP = NO;
				DEBUG_INFORMATION_FORMAT = "dwarf-with-dsym";
				ENABLE_NS_ASSERTIONS = NO;
				ENABLE_STRICT_OBJC_MSGSEND = YES;
				GCC_C_LANGUAGE_STANDARD = gnu11;
				GCC_NO_COMMON_BLOCKS = YES;
				GCC_WARN_64_TO_32_BIT_CONVERSION = YES;
				GCC_WARN_ABOUT_RETURN_TYPE = YES_ERROR;
				GCC_WARN_UNDECLARED_SELECTOR = YES;
				GCC_WARN_UNINITIALIZED_AUTOS = YES_AGGRESSIVE;
				GCC_WARN_UNUSED_FUNCTION = YES;
				GCC_WARN_UNUSED_VARIABLE = YES;
				IPHONEOS_DEPLOYMENT_TARGET = 13.5;
				MTL_ENABLE_DEBUG_INFO = NO;
				MTL_FAST_MATH = YES;
				SDKROOT = iphoneos;
				VALIDATE_PRODUCT = YES;
			};
			name = Release;
		};
		215C954524AB3F4300E619E1 /* Debug */ = {
			isa = XCBuildConfiguration;
			buildSettings = {
				ASSETCATALOG_COMPILER_APPICON_NAME = AppIcon;
				CODE_SIGN_STYLE = Automatic;
				DEVELOPMENT_TEAM = 27K6R6M94Q;
				INFOPLIST_FILE = hitTest/Info.plist;
				LD_RUNPATH_SEARCH_PATHS = (
					"$(inherited)",
					"@executable_path/Frameworks",
				);
				PRODUCT_BUNDLE_IDENTIFIER = com.kankan.hitTest;
				PRODUCT_NAME = "$(TARGET_NAME)";
				TARGETED_DEVICE_FAMILY = "1,2";
			};
			name = Debug;
		};
		215C954624AB3F4300E619E1 /* Release */ = {
			isa = XCBuildConfiguration;
			buildSettings = {
				ASSETCATALOG_COMPILER_APPICON_NAME = AppIcon;
				CODE_SIGN_STYLE = Automatic;
				DEVELOPMENT_TEAM = 27K6R6M94Q;
				INFOPLIST_FILE = hitTest/Info.plist;
				LD_RUNPATH_SEARCH_PATHS = (
					"$(inherited)",
					"@executable_path/Frameworks",
				);
				PRODUCT_BUNDLE_IDENTIFIER = com.kankan.hitTest;
				PRODUCT_NAME = "$(TARGET_NAME)";
				TARGETED_DEVICE_FAMILY = "1,2";
			};
			name = Release;
		};
/* End XCBuildConfiguration section */

/* Begin XCConfigurationList section */
		215C952624AB3F3B00E619E1 /* Build configuration list for PBXProject "hitTest" */ = {
			isa = XCConfigurationList;
			buildConfigurations = (
				215C954224AB3F4300E619E1 /* Debug */,
				215C954324AB3F4300E619E1 /* Release */,
			);
			defaultConfigurationIsVisible = 0;
			defaultConfigurationName = Release;
		};
		215C954424AB3F4300E619E1 /* Build configuration list for PBXNativeTarget "hitTest" */ = {
			isa = XCConfigurationList;
			buildConfigurations = (
				215C954524AB3F4300E619E1 /* Debug */,
				215C954624AB3F4300E619E1 /* Release */,
			);
			defaultConfigurationIsVisible = 0;
			defaultConfigurationName = Release;
		};
/* End XCConfigurationList section */
	};
	rootObject = 215C952324AB3F3B00E619E1 /* Project object */;
}
